
Microsoft Visual Studio Solution File, Format Version 12.00
# Visual Studio Version 17
VisualStudioVersion = 17.0.31903.59
MinimumVisualStudioVersion = 10.0.40219.1
Project("{2150E333-8FDC-42A3-9474-1A3956D46DE8}") = "backend", "backend", "{1AE8ACA6-933B-BF2A-3671-3E2EAC007D16}"
EndProject
Project("{2150E333-8FDC-42A3-9474-1A3956D46DE8}") = "src", "src", "{0F9113EE-888A-26D2-68B0-4A7D0A2A8745}"
EndProject
Project("{FAE04EC0-301F-11D3-BF4B-00C04F79EFBC}") = "BlinkMark.Api", "backend\src\BlinkMark.Api\BlinkMark.Api.csproj", "{E8D2F921-B10F-4509-B34B-7AF4CAE566E4}"
EndProject
Project("{FAE04EC0-301F-11D3-BF4B-00C04F79EFBC}") = "BlinkMark.Core", "backend\src\BlinkMark.Core\BlinkMark.Core.csproj", "{7006835E-4CAF-4B69-89D3-6297CDBA0B01}"
EndProject
Project("{FAE04EC0-301F-11D3-BF4B-00C04F79EFBC}") = "BlinkMark.Infrastructure", "backend\src\BlinkMark.Infrastructure\BlinkMark.Infrastructure.csproj", "{7EEE14A4-053B-455F-8086-1F57F8205288}"
EndProject
Project("{FAE04EC0-301F-11D3-BF4B-00C04F79EFBC}") = "BlinkMark.Jobs", "backend\src\BlinkMark.Jobs\BlinkMark.Jobs.csproj", "{B0796A94-980F-40A9-9ECD-94DA17B921D3}"
EndProject
Project("{FAE04EC0-301F-11D3-BF4B-00C04F79EFBC}") = "BlinkMark.Preview", "backend\src\BlinkMark.Preview\BlinkMark.Preview.csproj", "{8FBD3893-8D8D-49A5-91E2-DD9264A9F96E}"
EndProject
Project("{2150E333-8FDC-42A3-9474-1A3956D46DE8}") = "tests", "tests", "{F57642F3-C37C-D174-720E-6A6AAD5BEE22}"
EndProject
Project("{2150E333-8FDC-42A3-9474-1A3956D46DE8}") = "contract", "contract", "{23E21692-EB6D-5D62-F2C2-CDFFE02E37BB}"
EndProject
Project("{FAE04EC0-301F-11D3-BF4B-00C04F79EFBC}") = "BlinkMark.ContractTests", "backend\tests\contract\BlinkMark.ContractTests.csproj", "{D379FE03-2545-4E96-8616-5F3DBCAF3385}"
EndProject
Project("{2150E333-8FDC-42A3-9474-1A3956D46DE8}") = "testhost", "testhost", "{D3C37D6A-6235-07B6-8A31-57A79FF66297}"
EndProject
Project("{FAE04EC0-301F-11D3-BF4B-00C04F79EFBC}") = "BlinkMark.TestHost", "backend\tests\testhost\BlinkMark.TestHost.csproj", "{6FD450FF-93B0-4F69-AA16-6F9756A1EBA2}"
EndProject
Project("{2150E333-8FDC-42A3-9474-1A3956D46DE8}") = "integration", "integration", "{0A89FECB-1AB1-6485-1AA0-DCD8388D976F}"
EndProject
Project("{FAE04EC0-301F-11D3-BF4B-00C04F79EFBC}") = "BlinkMark.IntegrationTests", "backend\tests\integration\BlinkMark.IntegrationTests.csproj", "{D5AED53E-A822-486A-BBBF-92D92FB52269}"
EndProject
Project("{2150E333-8FDC-42A3-9474-1A3956D46DE8}") = "load", "load", "{AAC1615C-53D3-B0ED-17D5-AC4177FCD069}"
EndProject
Project("{FAE04EC0-301F-11D3-BF4B-00C04F79EFBC}") = "BlinkMark.LoadTests", "backend\tests\load\BlinkMark.LoadTests.csproj", "{47169011-138A-41C9-BA28-F675D20F4A5B}"
EndProject
Project("{2150E333-8FDC-42A3-9474-1A3956D46DE8}") = "unit", "unit", "{53BC5D6F-2E23-E2BC-B668-7B04856F88A1}"
EndProject
Project("{FAE04EC0-301F-11D3-BF4B-00C04F79EFBC}") = "BlinkMark.UnitTests", "backend\tests\unit\BlinkMark.UnitTests.csproj", "{8CF8E44F-3E26-4A42-B2CA-9B76D39EF186}"
EndProject
Project("{2150E333-8FDC-42A3-9474-1A3956D46DE8}") = "tools", "tools", "{443549C8-118B-B6B8-CC2A-67E78F06C638}"
EndProject
Project("{FAE04EC0-301F-11D3-BF4B-00C04F79EFBC}") = "BlinkMark.LocalHost", "backend\tools\BlinkMark.LocalHost\BlinkMark.LocalHost.csproj", "{82D57FA9-2E51-4BA4-86D8-389E41D3F4EB}"
EndProject
Global
	GlobalSection(SolutionConfigurationPlatforms) = preSolution
		Debug|Any CPU = Debug|Any CPU
		Debug|x64 = Debug|x64
		Debug|x86 = Debug|x86
		Release|Any CPU = Release|Any CPU
		Release|x64 = Release|x64
		Release|x86 = Release|x86
	EndGlobalSection
	GlobalSection(ProjectConfigurationPlatforms) = postSolution
		{E8D2F921-B10F-4509-B34B-7AF4CAE566E4}.Debug|Any CPU.ActiveCfg = Debug|Any CPU
		{E8D2F921-B10F-4509-B34B-7AF4CAE566E4}.Debug|Any CPU.Build.0 = Debug|Any CPU
		{E8D2F921-B10F-4509-B34B-7AF4CAE566E4}.Debug|x64.ActiveCfg = Debug|Any CPU
		{E8D2F921-B10F-4509-B34B-7AF4CAE566E4}.Debug|x64.Build.0 = Debug|Any CPU
		{E8D2F921-B10F-4509-B34B-7AF4CAE566E4}.Debug|x86.ActiveCfg = Debug|Any CPU
		{E8D2F921-B10F-4509-B34B-7AF4CAE566E4}.Debug|x86.Build.0 = Debug|Any CPU
		{E8D2F921-B10F-4509-B34B-7AF4CAE566E4}.Release|Any CPU.ActiveCfg = Release|Any CPU
		{E8D2F921-B10F-4509-B34B-7AF4CAE566E4}.Release|Any CPU.Build.0 = Release|Any CPU
		{E8D2F921-B10F-4509-B34B-7AF4CAE566E4}.Release|x64.ActiveCfg = Release|Any CPU
		{E8D2F921-B10F-4509-B34B-7AF4CAE566E4}.Release|x64.Build.0 = Release|Any CPU
		{E8D2F921-B10F-4509-B34B-7AF4CAE566E4}.Release|x86.ActiveCfg = Release|Any CPU
		{E8D2F921-B10F-4509-B34B-7AF4CAE566E4}.Release|x86.Build.0 = Release|Any CPU
		{7006835E-4CAF-4B69-89D3-6297CDBA0B01}.Debug|Any CPU.ActiveCfg = Debug|Any CPU
		{7006835E-4CAF-4B69-89D3-6297CDBA0B01}.Debug|Any CPU.Build.0 = Debug|Any CPU
		{7006835E-4CAF-4B69-89D3-6297CDBA0B01}.Debug|x64.ActiveCfg = Debug|Any CPU
		{7006835E-4CAF-4B69-89D3-6297CDBA0B01}.Debug|x64.Build.0 = Debug|Any CPU
		{7006835E-4CAF-4B69-89D3-6297CDBA0B01}.Debug|x86.ActiveCfg = Debug|Any CPU
		{7006835E-4CAF-4B69-89D3-6297CDBA0B01}.Debug|x86.Build.0 = Debug|Any CPU
		{7006835E-4CAF-4B69-89D3-6297CDBA0B01}.Release|Any CPU.ActiveCfg = Release|Any CPU
		{7006835E-4CAF-4B69-89D3-6297CDBA0B01}.Release|Any CPU.Build.0 = Release|Any CPU
		{7006835E-4CAF-4B69-89D3-6297CDBA0B01}.Release|x64.ActiveCfg = Release|Any CPU
		{7006835E-4CAF-4B69-89D3-6297CDBA0B01}.Release|x64.Build.0 = Release|Any CPU
		{7006835E-4CAF-4B69-89D3-6297CDBA0B01}.Release|x86.ActiveCfg = Release|Any CPU
		{7006835E-4CAF-4B69-89D3-6297CDBA0B01}.Release|x86.Build.0 = Release|Any CPU
		{7EEE14A4-053B-455F-8086-1F57F8205288}.Debug|Any CPU.ActiveCfg = Debug|Any CPU
		{7EEE14A4-053B-455F-8086-1F57F8205288}.Debug|Any CPU.Build.0 = Debug|Any CPU
		{7EEE14A4-053B-455F-8086-1F57F8205288}.Debug|x64.ActiveCfg = Debug|Any CPU
		{7EEE14A4-053B-455F-8086-1F57F8205288}.Debug|x64.Build.0 = Debug|Any CPU
		{7EEE14A4-053B-455F-8086-1F57F8205288}.Debug|x86.ActiveCfg = Debug|Any CPU
		{7EEE14A4-053B-455F-8086-1F57F8205288}.Debug|x86.Build.0 = Debug|Any CPU
		{7EEE14A4-053B-455F-8086-1F57F8205288}.Release|Any CPU.ActiveCfg = Release|Any CPU
		{7EEE14A4-053B-455F-8086-1F57F8205288}.Release|Any CPU.Build.0 = Release|Any CPU
		{7EEE14A4-053B-455F-8086-1F57F8205288}.Release|x64.ActiveCfg = Release|Any CPU
		{7EEE14A4-053B-455F-8086-1F57F8205288}.Release|x64.Build.0 = Release|Any CPU
		{7EEE14A4-053B-455F-8086-1F57F8205288}.Release|x86.ActiveCfg = Release|Any CPU
		{7EEE14A4-053B-455F-8086-1F57F8205288}.Release|x86.Build.0 = Release|Any CPU
		{B0796A94-980F-40A9-9ECD-94DA17B921D3}.Debug|Any CPU.ActiveCfg = Debug|Any CPU
		{B0796A94-980F-40A9-9ECD-94DA17B921D3}.Debug|Any CPU.Build.0 = Debug|Any CPU
		{B0796A94-980F-40A9-9ECD-94DA17B921D3}.Debug|x64.ActiveCfg = Debug|Any CPU
		{B0796A94-980F-40A9-9ECD-94DA17B921D3}.Debug|x64.Build.0 = Debug|Any CPU
		{B0796A94-980F-40A9-9ECD-94DA17B921D3}.Debug|x86.ActiveCfg = Debug|Any CPU
		{B0796A94-980F-40A9-9ECD-94DA17B921D3}.Debug|x86.Build.0 = Debug|Any CPU
		{B0796A94-980F-40A9-9ECD-94DA17B921D3}.Release|Any CPU.ActiveCfg = Release|Any CPU
		{B0796A94-980F-40A9-9ECD-94DA17B921D3}.Release|Any CPU.Build.0 = Release|Any CPU
		{B0796A94-980F-40A9-9ECD-94DA17B921D3}.Release|x64.ActiveCfg = Release|Any CPU
		{B0796A94-980F-40A9-9ECD-94DA17B921D3}.Release|x64.Build.0 = Release|Any CPU
		{B0796A94-980F-40A9-9ECD-94DA17B921D3}.Release|x86.ActiveCfg = Release|Any CPU
		{B0796A94-980F-40A9-9ECD-94DA17B921D3}.Release|x86.Build.0 = Release|Any CPU
		{8FBD3893-8D8D-49A5-91E2-DD9264A9F96E}.Debug|Any CPU.ActiveCfg = Debug|Any CPU
		{8FBD3893-8D8D-49A5-91E2-DD9264A9F96E}.Debug|Any CPU.Build.0 = Debug|Any CPU
		{8FBD3893-8D8D-49A5-91E2-DD9264A9F96E}.Debug|x64.ActiveCfg = Debug|Any CPU
		{8FBD3893-8D8D-49A5-91E2-DD9264A9F96E}.Debug|x64.Build.0 = Debug|Any CPU
		{8FBD3893-8D8D-49A5-91E2-DD9264A9F96E}.Debug|x86.ActiveCfg = Debug|Any CPU
		{8FBD3893-8D8D-49A5-91E2-DD9264A9F96E}.Debug|x86.Build.0 = Debug|Any CPU
		{8FBD3893-8D8D-49A5-91E2-DD9264A9F96E}.Release|Any CPU.ActiveCfg = Release|Any CPU
		{8FBD3893-8D8D-49A5-91E2-DD9264A9F96E}.Release|Any CPU.Build.0 = Release|Any CPU
		{8FBD3893-8D8D-49A5-91E2-DD9264A9F96E}.Release|x64.ActiveCfg = Release|Any CPU
		{8FBD3893-8D8D-49A5-91E2-DD9264A9F96E}.Release|x64.Build.0 = Release|Any CPU
		{8FBD3893-8D8D-49A5-91E2-DD9264A9F96E}.Release|x86.ActiveCfg = Release|Any CPU
		{8FBD3893-8D8D-49A5-91E2-DD9264A9F96E}.Release|x86.Build.0 = Release|Any CPU
		{D379FE03-2545-4E96-8616-5F3DBCAF3385}.Debug|Any CPU.ActiveCfg = Debug|Any CPU
		{D379FE03-2545-4E96-8616-5F3DBCAF3385}.Debug|Any CPU.Build.0 = Debug|Any CPU
		{D379FE03-2545-4E96-8616-5F3DBCAF3385}.Debug|x64.ActiveCfg = Debug|Any CPU
		{D379FE03-2545-4E96-8616-5F3DBCAF3385}.Debug|x64.Build.0 = Debug|Any CPU
		{D379FE03-2545-4E96-8616-5F3DBCAF3385}.Debug|x86.ActiveCfg = Debug|Any CPU
		{D379FE03-2545-4E96-8616-5F3DBCAF3385}.Debug|x86.Build.0 = Debug|Any CPU
		{D379FE03-2545-4E96-8616-5F3DBCAF3385}.Release|Any CPU.ActiveCfg = Release|Any CPU
		{D379FE03-2545-4E96-8616-5F3DBCAF3385}.Release|Any CPU.Build.0 = Release|Any CPU
		{D379FE03-2545-4E96-8616-5F3DBCAF3385}.Release|x64.ActiveCfg = Release|Any CPU
		{D379FE03-2545-4E96-8616-5F3DBCAF3385}.Release|x64.Build.0 = Release|Any CPU
		{D379FE03-2545-4E96-8616-5F3DBCAF3385}.Release|x86.ActiveCfg = Release|Any CPU
		{D379FE03-2545-4E96-8616-5F3DBCAF3385}.Release|x86.Build.0 = Release|Any CPU
		{6FD450FF-93B0-4F69-AA16-6F9756A1EBA2}.Debug|Any CPU.ActiveCfg = Debug|Any CPU
		{6FD450FF-93B0-4F69-AA16-6F9756A1EBA2}.Debug|Any CPU.Build.0 = Debug|Any CPU
		{6FD450FF-93B0-4F69-AA16-6F9756A1EBA2}.Debug|x64.ActiveCfg = Debug|Any CPU
		{6FD450FF-93B0-4F69-AA16-6F9756A1EBA2}.Debug|x64.Build.0 = Debug|Any CPU
		{6FD450FF-93B0-4F69-AA16-6F9756A1EBA2}.Debug|x86.ActiveCfg = Debug|Any CPU
		{6FD450FF-93B0-4F69-AA16-6F9756A1EBA2}.Debug|x86.Build.0 = Debug|Any CPU
		{6FD450FF-93B0-4F69-AA16-6F9756A1EBA2}.Release|Any CPU.ActiveCfg = Release|Any CPU
		{6FD450FF-93B0-4F69-AA16-6F9756A1EBA2}.Release|Any CPU.Build.0 = Release|Any CPU
		{6FD450FF-93B0-4F69-AA16-6F9756A1EBA2}.Release|x64.ActiveCfg = Release|Any CPU
		{6FD450FF-93B0-4F69-AA16-6F9756A1EBA2}.Release|x64.Build.0 = Release|Any CPU
		{6FD450FF-93B0-4F69-AA16-6F9756A1EBA2}.Release|x86.ActiveCfg = Release|Any CPU
		{6FD450FF-93B0-4F69-AA16-6F9756A1EBA2}.Release|x86.Build.0 = Release|Any CPU
		{D5AED53E-A822-486A-BBBF-92D92FB52269}.Debug|Any CPU.ActiveCfg = Debug|Any CPU
		{D5AED53E-A822-486A-BBBF-92D92FB52269}.Debug|Any CPU.Build.0 = Debug|Any CPU
		{D5AED53E-A822-486A-BBBF-92D92FB52269}.Debug|x64.ActiveCfg = Debug|Any CPU
		{D5AED53E-A822-486A-BBBF-92D92FB52269}.Debug|x64.Build.0 = Debug|Any CPU
		{D5AED53E-A822-486A-BBBF-92D92FB52269}.Debug|x86.ActiveCfg = Debug|Any CPU
		{D5AED53E-A822-486A-BBBF-92D92FB52269}.Debug|x86.Build.0 = Debug|Any CPU
		{D5AED53E-A822-486A-BBBF-92D92FB52269}.Release|Any CPU.ActiveCfg = Release|Any CPU
		{D5AED53E-A822-486A-BBBF-92D92FB52269}.Release|Any CPU.Build.0 = Release|Any CPU
		{D5AED53E-A822-486A-BBBF-92D92FB52269}.Release|x64.ActiveCfg = Release|Any CPU
		{D5AED53E-A822-486A-BBBF-92D92FB52269}.Release|x64.Build.0 = Release|Any CPU
		{D5AED53E-A822-486A-BBBF-92D92FB52269}.Release|x86.ActiveCfg = Release|Any CPU
		{D5AED53E-A822-486A-BBBF-92D92FB52269}.Release|x86.Build.0 = Release|Any CPU
		{47169011-138A-41C9-BA28-F675D20F4A5B}.Debug|Any CPU.ActiveCfg = Debug|Any CPU
		{47169011-138A-41C9-BA28-F675D20F4A5B}.Debug|Any CPU.Build.0 = Debug|Any CPU
		{47169011-138A-41C9-BA28-F675D20F4A5B}.Debug|x64.ActiveCfg = Debug|Any CPU
		{47169011-138A-41C9-BA28-F675D20F4A5B}.Debug|x64.Build.0 = Debug|Any CPU
		{47169011-138A-41C9-BA28-F675D20F4A5B}.Debug|x86.ActiveCfg = Debug|Any CPU
		{47169011-138A-41C9-BA28-F675D20F4A5B}.Debug|x86.Build.0 = Debug|Any CPU
		{47169011-138A-41C9-BA28-F675D20F4A5B}.Release|Any CPU.ActiveCfg = Release|Any CPU
		{47169011-138A-41C9-BA28-F675D20F4A5B}.Release|Any CPU.Build.0 = Release|Any CPU
		{47169011-138A-41C9-BA28-F675D20F4A5B}.Release|x64.ActiveCfg = Release|Any CPU
		{47169011-138A-41C9-BA28-F675D20F4A5B}.Release|x64.Build.0 = Release|Any CPU
		{47169011-138A-41C9-BA28-F675D20F4A5B}.Release|x86.ActiveCfg = Release|Any CPU
		{47169011-138A-41C9-BA28-F675D20F4A5B}.Release|x86.Build.0 = Release|Any CPU
		{8CF8E44F-3E26-4A42-B2CA-9B76D39EF186}.Debug|Any CPU.ActiveCfg = Debug|Any CPU
		{8CF8E44F-3E26-4A42-B2CA-9B76D39EF186}.Debug|Any CPU.Build.0 = Debug|Any CPU
		{8CF8E44F-3E26-4A42-B2CA-9B76D39EF186}.Debug|x64.ActiveCfg = Debug|Any CPU
		{8CF8E44F-3E26-4A42-B2CA-9B76D39EF186}.Debug|x64.Build.0 = Debug|Any CPU
		{8CF8E44F-3E26-4A42-B2CA-9B76D39EF186}.Debug|x86.ActiveCfg = Debug|Any CPU
		{8CF8E44F-3E26-4A42-B2CA-9B76D39EF186}.Debug|x86.Build.0 = Debug|Any CPU
		{8CF8E44F-3E26-4A42-B2CA-9B76D39EF186}.Release|Any CPU.ActiveCfg = Release|Any CPU
		{8CF8E44F-3E26-4A42-B2CA-9B76D39EF186}.Release|Any CPU.Build.0 = Release|Any CPU
		{8CF8E44F-3E26-4A42-B2CA-9B76D39EF186}.Release|x64.ActiveCfg = Release|Any CPU
		{8CF8E44F-3E26-4A42-B2CA-9B76D39EF186}.Release|x64.Build.0 = Release|Any CPU
		{8CF8E44F-3E26-4A42-B2CA-9B76D39EF186}.Release|x86.ActiveCfg = Release|Any CPU
		{8CF8E44F-3E26-4A42-B2CA-9B76D39EF186}.Release|x86.Build.0 = Release|Any CPU
		{82D57FA9-2E51-4BA4-86D8-389E41D3F4EB}.Debug|Any CPU.ActiveCfg = Debug|Any CPU
		{82D57FA9-2E51-4BA4-86D8-389E41D3F4EB}.Debug|Any CPU.Build.0 = Debug|Any CPU
		{82D57FA9-2E51-4BA4-86D8-389E41D3F4EB}.Debug|x64.ActiveCfg = Debug|Any CPU
		{82D57FA9-2E51-4BA4-86D8-389E41D3F4EB}.Debug|x64.Build.0 = Debug|Any CPU
		{82D57FA9-2E51-4BA4-86D8-389E41D3F4EB}.Debug|x86.ActiveCfg = Debug|Any CPU
		{82D57FA9-2E51-4BA4-86D8-389E41D3F4EB}.Debug|x86.Build.0 = Debug|Any CPU
		{82D57FA9-2E51-4BA4-86D8-389E41D3F4EB}.Release|Any CPU.ActiveCfg = Release|Any CPU
		{82D57FA9-2E51-4BA4-86D8-389E41D3F4EB}.Release|Any CPU.Build.0 = Release|Any CPU
		{82D57FA9-2E51-4BA4-86D8-389E41D3F4EB}.Release|x64.ActiveCfg = Release|Any CPU
		{82D57FA9-2E51-4BA4-86D8-389E41D3F4EB}.Release|x64.Build.0 = Release|Any CPU
		{82D57FA9-2E51-4BA4-86D8-389E41D3F4EB}.Release|x86.ActiveCfg = Release|Any CPU
		{82D57FA9-2E51-4BA4-86D8-389E41D3F4EB}.Release|x86.Build.0 = Release|Any CPU
	EndGlobalSection
	GlobalSection(SolutionProperties) = preSolution
		HideSolutionNode = FALSE
	EndGlobalSection
	GlobalSection(NestedProjects) = preSolution
		{0F9113EE-888A-26D2-68B0-4A7D0A2A8745} = {1AE8ACA6-933B-BF2A-3671-3E2EAC007D16}
		{E8D2F921-B10F-4509-B34B-7AF4CAE566E4} = {0F9113EE-888A-26D2-68B0-4A7D0A2A8745}
		{7006835E-4CAF-4B69-89D3-6297CDBA0B01} = {0F9113EE-888A-26D2-68B0-4A7D0A2A8745}
		{7EEE14A4-053B-455F-8086-1F57F8205288} = {0F9113EE-888A-26D2-68B0-4A7D0A2A8745}
		{B0796A94-980F-40A9-9ECD-94DA17B921D3} = {0F9113EE-888A-26D2-68B0-4A7D0A2A8745}
		{8FBD3893-8D8D-49A5-91E2-DD9264A9F96E} = {0F9113EE-888A-26D2-68B0-4A7D0A2A8745}
		{F57642F3-C37C-D174-720E-6A6AAD5BEE22} = {1AE8ACA6-933B-BF2A-3671-3E2EAC007D16}
		{23E21692-EB6D-5D62-F2C2-CDFFE02E37BB} = {F57642F3-C37C-D174-720E-6A6AAD5BEE22}
		{D379FE03-2545-4E96-8616-5F3DBCAF3385} = {23E21692-EB6D-5D62-F2C2-CDFFE02E37BB}
		{D3C37D6A-6235-07B6-8A31-57A79FF66297} = {F57642F3-C37C-D174-720E-6A6AAD5BEE22}
		{6FD450FF-93B0-4F69-AA16-6F9756A1EBA2} = {D3C37D6A-6235-07B6-8A31-57A79FF66297}
		{0A89FECB-1AB1-6485-1AA0-DCD8388D976F} = {F57642F3-C37C-D174-720E-6A6AAD5BEE22}
		{D5AED53E-A822-486A-BBBF-92D92FB52269} = {0A89FECB-1AB1-6485-1AA0-DCD8388D976F}
		{AAC1615C-53D3-B0ED-17D5-AC4177FCD069} = {F57642F3-C37C-D174-720E-6A6AAD5BEE22}
		{47169011-138A-41C9-BA28-F675D20F4A5B} = {AAC1615C-53D3-B0ED-17D5-AC4177FCD069}
		{53BC5D6F-2E23-E2BC-B668-7B04856F88A1} = {F57642F3-C37C-D174-720E-6A6AAD5BEE22}
		{8CF8E44F-3E26-4A42-B2CA-9B76D39EF186} = {53BC5D6F-2E23-E2BC-B668-7B04856F88A1}
		{443549C8-118B-B6B8-CC2A-67E78F06C638} = {1AE8ACA6-933B-BF2A-3671-3E2EAC007D16}
		{82D57FA9-2E51-4BA4-86D8-389E41D3F4EB} = {443549C8-118B-B6B8-CC2A-67E78F06C638}
	EndGlobalSection
EndGlobal
